
Microsoft Visual Studio Solution File, Format Version 12.00
# Visual Studio Version 17
VisualStudioVersion = 17.2.32505.173
MinimumVisualStudioVersion = 10.0.40219.1
Project("{9A19103F-16F7-4668-BE54-9A1E7A4F7556}") = "Slackify", "Slackify\Slackify.csproj", "{A04D6551-A8F3-4AFC-B04E-D97A043DC972}"
EndProject
Project("{2150E333-8FDC-42A3-9474-1A3956D46DE8}") = "Solution Items", "Solution Items", "{DDD577FB-813A-4299-97EA-6460FAA9C6F4}"
	ProjectSection(SolutionItems) = preProject
		.editorconfig = .editorconfig
		SolutionDesignDiagram.png = SolutionDesignDiagram.png
		SomeCommands.txt = SomeCommands.txt
	EndProjectSection
EndProject
Global
	GlobalSection(SolutionConfigurationPlatforms) = preSolution
		Debug|Any CPU = Debug|Any CPU
		Release|Any CPU = Release|Any CPU
	EndGlobalSection
	GlobalSection(ProjectConfigurationPlatforms) = postSolution
		{A04D6551-A8F3-4AFC-B04E-D97A043DC972}.Debug|Any CPU.ActiveCfg = Debug|Any CPU
		{A04D6551-A8F3-4AFC-B04E-D97A043DC972}.Debug|Any CPU.Build.0 = Debug|Any CPU
		{A04D6551-A8F3-4AFC-B04E-D97A043DC972}.Release|Any CPU.ActiveCfg = Release|Any CPU
		{A04D6551-A8F3-4AFC-B04E-D97A043DC972}.Release|Any CPU.Build.0 = Release|Any CPU
	EndGlobalSection
	GlobalSection(SolutionProperties) = preSolution
		HideSolutionNode = FALSE
	EndGlobalSection
	GlobalSection(ExtensibilityGlobals) = postSolution
		SolutionGuid = {CEB7C3BA-46A1-410A-8813-6C68BEC0248A}
	EndGlobalSection
EndGlobal
